// !$*UTF8*$!
{
	archiveVersion = 1;
	classes = {
	};
	objectVersion = 56;
	objects = {

/* Begin PBXBuildFile section */
		3A13A15D2AEB10EF00A303C8 /* HealthKitPoisonApp.swift in Sources */ = {isa = PBXBuildFile; fileRef = 3A13A15C2AEB10EF00A303C8 /* HealthKitPoisonApp.swift */; };
		3A13A15F2AEB10EF00A303C8 /* ContentView.swift in Sources */ = {isa = PBXBuildFile; fileRef = 3A13A15E2AEB10EF00A303C8 /* ContentView.swift */; };
		3A13A1612AEB10F000A303C8 /* Assets.xcassets in Resources */ = {isa = PBXBuildFile; fileRef = 3A13A1602AEB10F000A303C8 /* Assets.xcassets */; };
		3A13A1642AEB10F000A303C8 /* Preview Assets.xcassets in Resources */ = {isa = PBXBuildFile; fileRef = 3A13A1632AEB10F000A303C8 /* Preview Assets.xcassets */; };
		3A13A16B2AEB117200A303C8 /* HealthManager.swift in Sources */ = {isa = PBXBuildFile; fileRef = 3A13A16A2AEB117200A303C8 /* HealthManager.swift */; };
		3A13A16E2AEB11ED00A303C8 /* HealthError.swift in Sources */ = {isa = PBXBuildFile; fileRef = 3A13A16D2AEB11ED00A303C8 /* HealthError.swift */; };
		3A13A1702AEB120900A303C8 /* HealthType.swift in Sources */ = {isa = PBXBuildFile; fileRef = 3A13A16F2AEB120900A303C8 /* HealthType.swift */; };
		3A13A1722AEB141A00A303C8 /* HealthStore.swift in Sources */ = {isa = PBXBuildFile; fileRef = 3A13A1712AEB141A00A303C8 /* HealthStore.swift */; };
		3A13A1742AEB145200A303C8 /* Poisoner.swift in Sources */ = {isa = PBXBuildFile; fileRef = 3A13A1732AEB145200A303C8 /* Poisoner.swift */; };
		3A13A1762AEB152B00A303C8 /* HealthValue.swift in Sources */ = {isa = PBXBuildFile; fileRef = 3A13A1752AEB152B00A303C8 /* HealthValue.swift */; };
/* End PBXBuildFile section */

/* Begin PBXFileReference section */
		3A13A1592AEB10EF00A303C8 /* HealthKitPoison.app */ = {isa = PBXFileReference; explicitFileType = wrapper.application; includeInIndex = 0; path = HealthKitPoison.app; sourceTree = BUILT_PRODUCTS_DIR; };
		3A13A15C2AEB10EF00A303C8 /* HealthKitPoisonApp.swift */ = {isa = PBXFileReference; lastKnownFileType = sourcecode.swift; path = HealthKitPoisonApp.swift; sourceTree = "<group>"; };
		3A13A15E2AEB10EF00A303C8 /* ContentView.swift */ = {isa = PBXFileReference; lastKnownFileType = sourcecode.swift; path = ContentView.swift; sourceTree = "<group>"; };
		3A13A1602AEB10F000A303C8 /* Assets.xcassets */ = {isa = PBXFileReference; lastKnownFileType = folder.assetcatalog; path = Assets.xcassets; sourceTree = "<group>"; };
		3A13A1632AEB10F000A303C8 /* Preview Assets.xcassets */ = {isa = PBXFileReference; lastKnownFileType = folder.assetcatalog; path = "Preview Assets.xcassets"; sourceTree = "<group>"; };
		3A13A16A2AEB117200A303C8 /* HealthManager.swift */ = {isa = PBXFileReference; lastKnownFileType = sourcecode.swift; path = HealthManager.swift; sourceTree = "<group>"; };
		3A13A16D2AEB11ED00A303C8 /* HealthError.swift */ = {isa = PBXFileReference; lastKnownFileType = sourcecode.swift; path = HealthError.swift; sourceTree = "<group>"; };
		3A13A16F2AEB120900A303C8 /* HealthType.swift */ = {isa = PBXFileReference; lastKnownFileType = sourcecode.swift; path = HealthType.swift; sourceTree = "<group>"; };
		3A13A1712AEB141A00A303C8 /* HealthStore.swift */ = {isa = PBXFileReference; lastKnownFileType = sourcecode.swift; path = HealthStore.swift; sourceTree = "<group>"; };
		3A13A1732AEB145200A303C8 /* Poisoner.swift */ = {isa = PBXFileReference; lastKnownFileType = sourcecode.swift; path = Poisoner.swift; sourceTree = "<group>"; };
		3A13A1752AEB152B00A303C8 /* HealthValue.swift */ = {isa = PBXFileReference; lastKnownFileType = sourcecode.swift; path = HealthValue.swift; sourceTree = "<group>"; };
/* End PBXFileReference section */

/* Begin PBXFrameworksBuildPhase section */
		3A13A1562AEB10EF00A303C8 /* Frameworks */ = {
			isa = PBXFrameworksBuildPhase;
			buildActionMask = 2147483647;
			files = (
			);
			runOnlyForDeploymentPostprocessing = 0;
		};
/* End PBXFrameworksBuildPhase section */

/* Begin PBXGroup section */
		3A13A1502AEB10EF00A303C8 = {
			isa = PBXGroup;
			children = (
				3A13A15B2AEB10EF00A303C8 /* HealthKitPoison */,
				3A13A15A2AEB10EF00A303C8 /* Products */,
			);
			sourceTree = "<group>";
		};
		3A13A15A2AEB10EF00A303C8 /* Products */ = {
			isa = PBXGroup;
			children = (
				3A13A1592AEB10EF00A303C8 /* HealthKitPoison.app */,
			);
			name = Products;
			sourceTree = "<group>";
		};
		3A13A15B2AEB10EF00A303C8 /* HealthKitPoison */ = {
			isa = PBXGroup;
			children = (
				3A13A16C2AEB11C500A303C8 /* HealthPoisoner */,
				3A13A15C2AEB10EF00A303C8 /* HealthKitPoisonApp.swift */,
				3A13A15E2AEB10EF00A303C8 /* ContentView.swift */,
				3A13A1602AEB10F000A303C8 /* Assets.xcassets */,
				3A13A1622AEB10F000A303C8 /* Preview Content */,
			);
			path = HealthKitPoison;
			sourceTree = "<group>";
		};
		3A13A1622AEB10F000A303C8 /* Preview Content */ = {
			isa = PBXGroup;
			children = (
				3A13A1632AEB10F000A303C8 /* Preview Assets.xcassets */,
			);
			path = "Preview Content";
			sourceTree = "<group>";
		};
		3A13A16C2AEB11C500A303C8 /* HealthPoisoner */ = {
			isa = PBXGroup;
			children = (
				3A13A16A2AEB117200A303C8 /* HealthManager.swift */,
				3A13A16D2AEB11ED00A303C8 /* HealthError.swift */,
				3A13A16F2AEB120900A303C8 /* HealthType.swift */,
				3A13A1712AEB141A00A303C8 /* HealthStore.swift */,
				3A13A1732AEB145200A303C8 /* Poisoner.swift */,
				3A13A1752AEB152B00A303C8 /* HealthValue.swift */,
			);
			path = HealthPoisoner;
			sourceTree = "<group>";
		};
/* End PBXGroup section */

/* Begin PBXNativeTarget section */
		3A13A1582AEB10EF00A303C8 /* HealthKitPoison */ = {
			isa = PBXNativeTarget;
			buildConfigurationList = 3A13A1672AEB10F000A303C8 /* Build configuration list for PBXNativeTarget "HealthKitPoison" */;
			buildPhases = (
				3A13A1552AEB10EF00A303C8 /* Sources */,
				3A13A1562AEB10EF00A303C8 /* Frameworks */,
				3A13A1572AEB10EF00A303C8 /* Resources */,
			);
			buildRules = (
			);
			dependencies = (
			);
			name = HealthKitPoison;
			productName = HealthKitPoison;
			productReference = 3A13A1592AEB10EF00A303C8 /* HealthKitPoison.app */;
			productType = "com.apple.product-type.application";
		};
/* End PBXNativeTarget section */

/* Begin PBXProject section */
		3A13A1512AEB10EF00A303C8 /* Project object */ = {
			isa = PBXProject;
			attributes = {
				BuildIndependentTargetsInParallel = 1;
				LastSwiftUpdateCheck = 1500;
				LastUpgradeCheck = 1500;
				TargetAttributes = {
					3A13A1582AEB10EF00A303C8 = {
						CreatedOnToolsVersion = 15.0;
					};
				};
			};
			buildConfigurationList = 3A13A1542AEB10EF00A303C8 /* Build configuration list for PBXProject "HealthKitPoison" */;
			compatibilityVersion = "Xcode 14.0";
			developmentRegion = en;
			hasScannedForEncodings = 0;
			knownRegions = (
				en,
				Base,
			);
			mainGroup = 3A13A1502AEB10EF00A303C8;
			productRefGroup = 3A13A15A2AEB10EF00A303C8 /* Products */;
			projectDirPath = "";
			projectRoot = "";
			targets = (
				3A13A1582AEB10EF00A303C8 /* HealthKitPoison */,
			);
		};
/* End PBXProject section */

/* Begin PBXResourcesBuildPhase section */
		3A13A1572AEB10EF00A303C8 /* Resources */ = {
			isa = PBXResourcesBuildPhase;
			buildActionMask = 2147483647;
			files = (
				3A13A1642AEB10F000A303C8 /* Preview Assets.xcassets in Resources */,
				3A13A1612AEB10F000A303C8 /* Assets.xcassets in Resources */,
			);
			runOnlyForDeploymentPostprocessing = 0;
		};
/* End PBXResourcesBuildPhase section */

/* Begin PBXSourcesBuildPhase section */
		3A13A1552AEB10EF00A303C8 /* Sources */ = {
			isa = PBXSourcesBuildPhase;
			buildActionMask = 2147483647;
			files = (
				3A13A1742AEB145200A303C8 /* Poisoner.swift in Sources */,
				3A13A16E2AEB11ED00A303C8 /* HealthError.swift in Sources */,
				3A13A1722AEB141A00A303C8 /* HealthStore.swift in Sources */,
				3A13A1702AEB120900A303C8 /* HealthType.swift in Sources */,
				3A13A15F2AEB10EF00A303C8 /* ContentView.swift in Sources */,
				3A13A15D2AEB10EF00A303C8 /* HealthKitPoisonApp.swift in Sources */,
				3A13A16B2AEB117200A303C8 /* HealthManager.swift in Sources */,
				3A13A1762AEB152B00A303C8 /* HealthValue.swift in Sources */,
			);
			runOnlyForDeploymentPostprocessing = 0;
		};
/* End PBXSourcesBuildPhase section */

/* Begin XCBuildConfiguration section */
		3A13A1652AEB10F000A303C8 /* Debug */ = {
			isa = XCBuildConfiguration;
			buildSettings = {
				ALWAYS_SEARCH_USER_PATHS = NO;
				ASSETCATALOG_COMPILER_GENERATE_SWIFT_ASSET_SYMBOL_EXTENSIONS = YES;
				CLANG_ANALYZER_NONNULL = YES;
				CLANG_ANALYZER_NUMBER_OBJECT_CONVERSION = YES_AGGRESSIVE;
				CLANG_CXX_LANGUAGE_STANDARD = "gnu++20";
				CLANG_ENABLE_MODULES = YES;
				CLANG_ENABLE_OBJC_ARC = YES;
				CLANG_ENABLE_OBJC_WEAK = YES;
				CLANG_WARN_BLOCK_CAPTURE_AUTORELEASING = YES;
				CLANG_WARN_BOOL_CONVERSION = YES;
				CLANG_WARN_COMMA = YES;
				CLANG_WARN_CONSTANT_CONVERSION = YES;
				CLANG_WARN_DEPRECATED_OBJC_IMPLEMENTATIONS = YES;
				CLANG_WARN_DIRECT_OBJC_ISA_USAGE = YES_ERROR;
				CLANG_WARN_DOCUMENTATION_COMMENTS = YES;
				CLANG_WARN_EMPTY_BODY = YES;
				CLANG_WARN_ENUM_CONVERSION = YES;
				CLANG_WARN_INFINITE_RECURSION = YES;
				CLANG_WARN_INT_CONVERSION = YES;
				CLANG_WARN_NON_LITERAL_NULL_CONVERSION = YES;
				CLANG_WARN_OBJC_IMPLICIT_RETAIN_SELF = YES;
				CLANG_WARN_OBJC_LITERAL_CONVERSION = YES;
				CLANG_WARN_OBJC_ROOT_CLASS = YES_ERROR;
				CLANG_WARN_QUOTED_INCLUDE_IN_FRAMEWORK_HEADER = YES;
				CLANG_WARN_RANGE_LOOP_ANALYSIS = YES;
				CLANG_WARN_STRICT_PROTOTYPES = YES;
				CLANG_WARN_SUSPICIOUS_MOVE = YES;
				CLANG_WARN_UNGUARDED_AVAILABILITY = YES_AGGRESSIVE;
				CLANG_WARN_UNREACHABLE_CODE = YES;
				CLANG_WARN__DUPLICATE_METHOD_MATCH = YES;
				COPY_PHASE_STRIP = NO;
				DEBUG_INFORMATION_FORMAT = dwarf;
				ENABLE_STRICT_OBJC_MSGSEND = YES;
				ENABLE_TESTABILITY = YES;
				ENABLE_USER_SCRIPT_SANDBOXING = YES;
				GCC_C_LANGUAGE_STANDARD = gnu17;
				GCC_DYNAMIC_NO_PIC = NO;
				GCC_NO_COMMON_BLOCKS = YES;
				GCC_OPTIMIZATION_LEVEL = 0;
				GCC_PREPROCESSOR_DEFINITIONS = (
					"DEBUG=1",
					"$(inherited)",
				);
				GCC_WARN_64_TO_32_BIT_CONVERSION = YES;
				GCC_WARN_ABOUT_RETURN_TYPE = YES_ERROR;
				GCC_WARN_UNDECLARED_SELECTOR = YES;
				GCC_WARN_UNINITIALIZED_AUTOS = YES_AGGRESSIVE;
				GCC_WARN_UNUSED_FUNCTION = YES;
				GCC_WARN_UNUSED_VARIABLE = YES;
				IPHONEOS_DEPLOYMENT_TARGET = 17.0;
				LOCALIZATION_PREFERS_STRING_CATALOGS = YES;
				MTL_ENABLE_DEBUG_INFO = INCLUDE_SOURCE;
				MTL_FAST_MATH = YES;
				ONLY_ACTIVE_ARCH = YES;
				SDKROOT = iphoneos;
				SWIFT_ACTIVE_COMPILATION_CONDITIONS = "DEBUG $(inherited)";
				SWIFT_OPTIMIZATION_LEVEL = "-Onone";
			};
			name = Debug;
		};
		3A13A1662AEB10F000A303C8 /* Release */ = {
			isa = XCBuildConfiguration;
			buildSettings = {
				ALWAYS_SEARCH_USER_PATHS = NO;
				ASSETCATALOG_COMPILER_GENERATE_SWIFT_ASSET_SYMBOL_EXTENSIONS = YES;
				CLANG_ANALYZER_NONNULL = YES;
				CLANG_ANALYZER_NUMBER_OBJECT_CONVERSION = YES_AGGRESSIVE;
				CLANG_CXX_LANGUAGE_STANDARD = "gnu++20";
				CLANG_ENABLE_MODULES = YES;
				CLANG_ENABLE_OBJC_ARC = YES;
				CLANG_ENABLE_OBJC_WEAK = YES;
				CLANG_WARN_BLOCK_CAPTURE_AUTORELEASING = YES;
				CLANG_WARN_BOOL_CONVERSION = YES;
				CLANG_WARN_COMMA = YES;
				CLANG_WARN_CONSTANT_CONVERSION = YES;
				CLANG_WARN_DEPRECATED_OBJC_IMPLEMENTATIONS = YES;
				CLANG_WARN_DIRECT_OBJC_ISA_USAGE = YES_ERROR;
				CLANG_WARN_DOCUMENTATION_COMMENTS = YES;
				CLANG_WARN_EMPTY_BODY = YES;
				CLANG_WARN_ENUM_CONVERSION = YES;
				CLANG_WARN_INFINITE_RECURSION = YES;
				CLANG_WARN_INT_CONVERSION = YES;
				CLANG_WARN_NON_LITERAL_NULL_CONVERSION = YES;
				CLANG_WARN_OBJC_IMPLICIT_RETAIN_SELF = YES;
				CLANG_WARN_OBJC_LITERAL_CONVERSION = YES;
				CLANG_WARN_OBJC_ROOT_CLASS = YES_ERROR;
				CLANG_WARN_QUOTED_INCLUDE_IN_FRAMEWORK_HEADER = YES;
				CLANG_WARN_RANGE_LOOP_ANALYSIS = YES;
				CLANG_WARN_STRICT_PROTOTYPES = YES;
				CLANG_WARN_SUSPICIOUS_MOVE = YES;
				CLANG_WARN_UNGUARDED_AVAILABILITY = YES_AGGRESSIVE;
				CLANG_WARN_UNREACHABLE_CODE = YES;
				CLANG_WARN__DUPLICATE_METHOD_MATCH = YES;
				COPY_PHASE_STRIP = NO;
				DEBUG_INFORMATION_FORMAT = "dwarf-with-dsym";
				ENABLE_NS_ASSERTIONS = NO;
				ENABLE_STRICT_OBJC_MSGSEND = YES;
				ENABLE_USER_SCRIPT_SANDBOXING = YES;
				GCC_C_LANGUAGE_STANDARD = gnu17;
				GCC_NO_COMMON_BLOCKS = YES;
				GCC_WARN_64_TO_32_BIT_CONVERSION = YES;
				GCC_WARN_ABOUT_RETURN_TYPE = YES_ERROR;
				GCC_WARN_UNDECLARED_SELECTOR = YES;
				GCC_WARN_UNINITIALIZED_AUTOS = YES_AGGRESSIVE;
				GCC_WARN_UNUSED_FUNCTION = YES;
				GCC_WARN_UNUSED_VARIABLE = YES;
				IPHONEOS_DEPLOYMENT_TARGET = 17.0;
				LOCALIZATION_PREFERS_STRING_CATALOGS = YES;
				MTL_ENABLE_DEBUG_INFO = NO;
				MTL_FAST_MATH = YES;
				SDKROOT = iphoneos;
				SWIFT_COMPILATION_MODE = wholemodule;
				VALIDATE_PRODUCT = YES;
			};
			name = Release;
		};
		3A13A1682AEB10F000A303C8 /* Debug */ = {
			isa = XCBuildConfiguration;
			buildSettings = {
				ASSETCATALOG_COMPILER_APPICON_NAME = AppIcon;
				ASSETCATALOG_COMPILER_GLOBAL_ACCENT_COLOR_NAME = AccentColor;
				CODE_SIGN_STYLE = Automatic;
				CURRENT_PROJECT_VERSION = 1;
				DEVELOPMENT_ASSET_PATHS = "\"HealthKitPoison/Preview Content\"";
				DEVELOPMENT_TEAM = 9A9X3S8Q4P;
				ENABLE_PREVIEWS = YES;
				GENERATE_INFOPLIST_FILE = YES;
				INFOPLIST_KEY_UIApplicationSceneManifest_Generation = YES;
				INFOPLIST_KEY_UIApplicationSupportsIndirectInputEvents = YES;
				INFOPLIST_KEY_UILaunchScreen_Generation = YES;
				INFOPLIST_KEY_UISupportedInterfaceOrientations_iPad = "UIInterfaceOrientationPortrait UIInterfaceOrientationPortraitUpsideDown UIInterfaceOrientationLandscapeLeft UIInterfaceOrientationLandscapeRight";
				INFOPLIST_KEY_UISupportedInterfaceOrientations_iPhone = "UIInterfaceOrientationPortrait UIInterfaceOrientationLandscapeLeft UIInterfaceOrientationLandscapeRight";
				LD_RUNPATH_SEARCH_PATHS = (
					"$(inherited)",
					"@executable_path/Frameworks",
				);
				MARKETING_VERSION = 1.0;
				PRODUCT_BUNDLE_IDENTIFIER = uk.co.bilaal.HealthKitPoison;
				PRODUCT_NAME = "$(TARGET_NAME)";
				SWIFT_EMIT_LOC_STRINGS = YES;
				SWIFT_VERSION = 5.0;
				TARGETED_DEVICE_FAMILY = "1,2";
			};
			name = Debug;
		};
		3A13A1692AEB10F000A303C8 /* Release */ = {
			isa = XCBuildConfiguration;
			buildSettings = {
				ASSETCATALOG_COMPILER_APPICON_NAME = AppIcon;
				ASSETCATALOG_COMPILER_GLOBAL_ACCENT_COLOR_NAME = AccentColor;
				CODE_SIGN_STYLE = Automatic;
				CURRENT_PROJECT_VERSION = 1;
				DEVELOPMENT_ASSET_PATHS = "\"HealthKitPoison/Preview Content\"";
				DEVELOPMENT_TEAM = 9A9X3S8Q4P;
				ENABLE_PREVIEWS = YES;
				GENERATE_INFOPLIST_FILE = YES;
				INFOPLIST_KEY_UIApplicationSceneManifest_Generation = YES;
				INFOPLIST_KEY_UIApplicationSupportsIndirectInputEvents = YES;
				INFOPLIST_KEY_UILaunchScreen_Generation = YES;
				INFOPLIST_KEY_UISupportedInterfaceOrientations_iPad = "UIInterfaceOrientationPortrait UIInterfaceOrientationPortraitUpsideDown UIInterfaceOrientationLandscapeLeft UIInterfaceOrientationLandscapeRight";
				INFOPLIST_KEY_UISupportedInterfaceOrientations_iPhone = "UIInterfaceOrientationPortrait UIInterfaceOrientationLandscapeLeft UIInterfaceOrientationLandscapeRight";
				LD_RUNPATH_SEARCH_PATHS = (
					"$(inherited)",
					"@executable_path/Frameworks",
				);
				MARKETING_VERSION = 1.0;
				PRODUCT_BUNDLE_IDENTIFIER = uk.co.bilaal.HealthKitPoison;
				PRODUCT_NAME = "$(TARGET_NAME)";
				SWIFT_EMIT_LOC_STRINGS = YES;
				SWIFT_VERSION = 5.0;
				TARGETED_DEVICE_FAMILY = "1,2";
			};
			name = Release;
		};
/* End XCBuildConfiguration section */

/* Begin XCConfigurationList section */
		3A13A1542AEB10EF00A303C8 /* Build configuration list for PBXProject "HealthKitPoison" */ = {
			isa = XCConfigurationList;
			buildConfigurations = (
				3A13A1652AEB10F000A303C8 /* Debug */,
				3A13A1662AEB10F000A303C8 /* Release */,
			);
			defaultConfigurationIsVisible = 0;
			defaultConfigurationName = Release;
		};
		3A13A1672AEB10F000A303C8 /* Build configuration list for PBXNativeTarget "HealthKitPoison" */ = {
			isa = XCConfigurationList;
			buildConfigurations = (
				3A13A1682AEB10F000A303C8 /* Debug */,
				3A13A1692AEB10F000A303C8 /* Release */,
			);
			defaultConfigurationIsVisible = 0;
			defaultConfigurationName = Release;
		};
/* End XCConfigurationList section */
	};
	rootObject = 3A13A1512AEB10EF00A303C8 /* Project object */;
}
